
Microsoft Visual Studio Solution File, Format Version 12.00
# Visual Studio 2013
VisualStudioVersion = 12.0.31101.0
MinimumVisualStudioVersion = 10.0.40219.1
Project("{8BC9CEB8-8B4A-11D0-8D11-00A0C91BC942}") = "cs154_p1", "cs154_p1\cs154_p1.vcxproj", "{AE3D8282-F4B0-4934-BE0C-4746A8ACC2A0}"
EndProject
Global
	GlobalSection(TeamFoundationVersionControl) = preSolution
		SccNumberOfProjects = 2
		SccEnterpriseProvider = {4CA58AB2-18FA-4F8D-95D4-32DDF27D184C}
		SccTeamFoundationServer = https://stevencabral.visualstudio.com/defaultcollection
		SccLocalPath0 = .
		SccProjectUniqueName1 = cs154_p1\\cs154_p1.vcxproj
		SccProjectName1 = cs154_p1
		SccLocalPath1 = cs154_p1
	EndGlobalSection
	GlobalSection(SolutionConfigurationPlatforms) = preSolution
		Debug|Win32 = Debug|Win32
		Release|Win32 = Release|Win32
	EndGlobalSection
	GlobalSection(ProjectConfigurationPlatforms) = postSolution
		{AE3D8282-F4B0-4934-BE0C-4746A8ACC2A0}.Debug|Win32.ActiveCfg = Debug|Win32
		{AE3D8282-F4B0-4934-BE0C-4746A8ACC2A0}.Debug|Win32.Build.0 = Debug|Win32
		{AE3D8282-F4B0-4934-BE0C-4746A8ACC2A0}.Release|Win32.ActiveCfg = Release|Win32
		{AE3D8282-F4B0-4934-BE0C-4746A8ACC2A0}.Release|Win32.Build.0 = Release|Win32
	EndGlobalSection
	GlobalSection(SolutionProperties) = preSolution
		HideSolutionNode = FALSE
	EndGlobalSection
EndGlobal
