
Microsoft Visual Studio Solution File, Format Version 12.00
# Visual Studio Express 2013 for Windows Desktop
VisualStudioVersion = 12.0.21005.1
MinimumVisualStudioVersion = 10.0.40219.1
Project("{8BC9CEB8-8B4A-11D0-8D11-00A0C91BC942}") = "cs32_scratchpad", "cs32_scratchpad\cs32_scratchpad.vcxproj", "{332BF847-BF4D-4A7F-8AB6-CF41C28B2F13}"
EndProject
Global
	GlobalSection(TeamFoundationVersionControl) = preSolution
		SccNumberOfProjects = 2
		SccEnterpriseProvider = {4CA58AB2-18FA-4F8D-95D4-32DDF27D184C}
		SccTeamFoundationServer = https://stevencabral.visualstudio.com/defaultcollection
		SccLocalPath0 = .
		SccProjectUniqueName1 = cs32_scratchpad\\cs32_scratchpad.vcxproj
		SccProjectName1 = cs32_scratchpad
		SccLocalPath1 = cs32_scratchpad
	EndGlobalSection
	GlobalSection(SolutionConfigurationPlatforms) = preSolution
		Debug|Win32 = Debug|Win32
		Release|Win32 = Release|Win32
	EndGlobalSection
	GlobalSection(ProjectConfigurationPlatforms) = postSolution
		{332BF847-BF4D-4A7F-8AB6-CF41C28B2F13}.Debug|Win32.ActiveCfg = Debug|Win32
		{332BF847-BF4D-4A7F-8AB6-CF41C28B2F13}.Debug|Win32.Build.0 = Debug|Win32
		{332BF847-BF4D-4A7F-8AB6-CF41C28B2F13}.Release|Win32.ActiveCfg = Release|Win32
		{332BF847-BF4D-4A7F-8AB6-CF41C28B2F13}.Release|Win32.Build.0 = Release|Win32
	EndGlobalSection
	GlobalSection(SolutionProperties) = preSolution
		HideSolutionNode = FALSE
	EndGlobalSection
EndGlobal
