
Microsoft Visual Studio Solution File, Format Version 12.00
# Visual Studio Express 2013 for Windows Desktop
VisualStudioVersion = 12.0.30723.0
MinimumVisualStudioVersion = 10.0.40219.1
Project("{8BC9CEB8-8B4A-11D0-8D11-00A0C91BC942}") = "CS165_MP2", "CS165_MP2\CS165_MP2.vcxproj", "{C4B58DDA-CBA2-4D32-9AA3-4B365FABCE04}"
EndProject
Global
	GlobalSection(TeamFoundationVersionControl) = preSolution
		SccNumberOfProjects = 2
		SccEnterpriseProvider = {4CA58AB2-18FA-4F8D-95D4-32DDF27D184C}
		SccTeamFoundationServer = https://stevencabral.visualstudio.com/defaultcollection
		SccLocalPath0 = .
		SccProjectUniqueName1 = CS165_MP2\\CS165_MP2.vcxproj
		SccProjectName1 = CS165_MP2
		SccLocalPath1 = CS165_MP2
	EndGlobalSection
	GlobalSection(SolutionConfigurationPlatforms) = preSolution
		Debug|Win32 = Debug|Win32
		Release|Win32 = Release|Win32
	EndGlobalSection
	GlobalSection(ProjectConfigurationPlatforms) = postSolution
		{C4B58DDA-CBA2-4D32-9AA3-4B365FABCE04}.Debug|Win32.ActiveCfg = Debug|Win32
		{C4B58DDA-CBA2-4D32-9AA3-4B365FABCE04}.Debug|Win32.Build.0 = Debug|Win32
		{C4B58DDA-CBA2-4D32-9AA3-4B365FABCE04}.Release|Win32.ActiveCfg = Release|Win32
		{C4B58DDA-CBA2-4D32-9AA3-4B365FABCE04}.Release|Win32.Build.0 = Release|Win32
	EndGlobalSection
	GlobalSection(SolutionProperties) = preSolution
		HideSolutionNode = FALSE
	EndGlobalSection
EndGlobal
